
Microsoft Visual Studio Solution File, Format Version 12.00
# Visual Studio Version 16
VisualStudioVersion = 16.0.30225.117
MinimumVisualStudioVersion = 10.0.40219.1
Project("{8BC9CEB8-8B4A-11D0-8D11-00A0C91BC942}") = "EnviroFSM", "EnviroFSM\EnviroFSM.vcxproj", "{F61B2DCF-30F8-4739-BED4-098C52C7F845}"
EndProject
Global
	GlobalSection(SolutionConfigurationPlatforms) = preSolution
		Debug|x64 = Debug|x64
		Debug|x86 = Debug|x86
		Release|x64 = Release|x64
		Release|x86 = Release|x86
	EndGlobalSection
	GlobalSection(ProjectConfigurationPlatforms) = postSolution
		{F61B2DCF-30F8-4739-BED4-098C52C7F845}.Debug|x64.ActiveCfg = Debug|x64
		{F61B2DCF-30F8-4739-BED4-098C52C7F845}.Debug|x64.Build.0 = Debug|x64
		{F61B2DCF-30F8-4739-BED4-098C52C7F845}.Debug|x86.ActiveCfg = Debug|Win32
		{F61B2DCF-30F8-4739-BED4-098C52C7F845}.Debug|x86.Build.0 = Debug|Win32
		{F61B2DCF-30F8-4739-BED4-098C52C7F845}.Release|x64.ActiveCfg = Release|x64
		{F61B2DCF-30F8-4739-BED4-098C52C7F845}.Release|x64.Build.0 = Release|x64
		{F61B2DCF-30F8-4739-BED4-098C52C7F845}.Release|x86.ActiveCfg = Release|Win32
		{F61B2DCF-30F8-4739-BED4-098C52C7F845}.Release|x86.Build.0 = Release|Win32
	EndGlobalSection
	GlobalSection(SolutionProperties) = preSolution
		HideSolutionNode = FALSE
	EndGlobalSection
	GlobalSection(ExtensibilityGlobals) = postSolution
		SolutionGuid = {1B876EE5-BC53-49A2-808A-158A1B6330D0}
	EndGlobalSection
EndGlobal
